<?xml version="1.0" encoding="utf-8"?>
<Project ToolsVersion="4.0" xmlns="http://schemas.microsoft.com/developer/msbuild/2003">
  <ItemGroup>
    <ClCompile Include="Balkard-Project.cpp" />
    <ClCompile Include="carte.cpp" />
    <ClCompile Include="carteElixir.cpp" />
    <ClCompile Include="cartePotion.cpp" />
    <ClCompile Include="carteSort.cpp" />
    <ClCompile Include="joueur.cpp" />
    <ClCompile Include="personnage.cpp" />
    <ClCompile Include="carteArgent.cpp" />
    <ClCompile Include="carteRituel.cpp" />
    <ClCompile Include="Deck.cpp" />
    <ClCompile Include="Titre.cpp" />
    <ClCompile Include="graphics.cpp" />
    <ClCompile Include="carteArme.cpp" />
    <ClCompile Include="carteArmure.cpp" />
    <ClCompile Include="carteTalisman.cpp" />
    <ClCompile Include="carteBotte.cpp" />
  </ItemGroup>
  <ItemGroup>
    <ClInclude Include="carte.h" />
    <ClInclude Include="carteElixir.h" />
    <ClInclude Include="cartePotion.h" />
    <ClInclude Include="carteSort.h" />
    <ClInclude Include="joueur.h" />
    <ClInclude Include="carteArgent.h" />
    <ClInclude Include="personnage.h" />
    <ClInclude Include="carteRituel.h" />
    <ClInclude Include="Deck.h" />
    <ClInclude Include="Titre.h" />
    <ClInclude Include="graphics.h" />
    <ClInclude Include="carteArme.h" />
    <ClInclude Include="carteArmure.h" />
    <ClInclude Include="carteTalisman.h" />
    <ClInclude Include="carteBotte.h" />
  </ItemGroup>
</Project>